
Microsoft Visual Studio Solution File, Format Version 12.00
# Visual Studio 15
VisualStudioVersion = 15.0.27428.2037
MinimumVisualStudioVersion = 10.0.40219.1
Project("{FAE04EC0-301F-11D3-BF4B-00C04F79EFBC}") = "LoginTest", "LoginTest\LoginTest.csproj", "{5EDF5A84-77F1-4F64-BAFA-6AA0F85625FD}"
EndProject
Global
	GlobalSection(SolutionConfigurationPlatforms) = preSolution
		Debug|Any CPU = Debug|Any CPU
		Release|Any CPU = Release|Any CPU
	EndGlobalSection
	GlobalSection(ProjectConfigurationPlatforms) = postSolution
		{5EDF5A84-77F1-4F64-BAFA-6AA0F85625FD}.Debug|Any CPU.ActiveCfg = Debug|Any CPU
		{5EDF5A84-77F1-4F64-BAFA-6AA0F85625FD}.Debug|Any CPU.Build.0 = Debug|Any CPU
		{5EDF5A84-77F1-4F64-BAFA-6AA0F85625FD}.Release|Any CPU.ActiveCfg = Release|Any CPU
		{5EDF5A84-77F1-4F64-BAFA-6AA0F85625FD}.Release|Any CPU.Build.0 = Release|Any CPU
	EndGlobalSection
	GlobalSection(SolutionProperties) = preSolution
		HideSolutionNode = FALSE
	EndGlobalSection
	GlobalSection(ExtensibilityGlobals) = postSolution
		SolutionGuid = {12D5D06D-9681-499D-98F1-AB0AFFF9B1D4}
	EndGlobalSection
EndGlobal
